<?xml version="1.0" encoding="utf-8"?>
<Project ToolsVersion="4.0" xmlns="http://schemas.microsoft.com/developer/msbuild/2003">
  <ItemGroup>
    <ClCompile Include="EditListBoxComp.cpp">
      <Filter>Source Files</Filter>
    </ClCompile>
    <ClCompile Include="PropertyGrid.cpp">
      <Filter>Source Files</Filter>
    </ClCompile>
    <ClCompile Include="ScanfEdit.cpp">
      <Filter>Source Files</Filter>
    </ClCompile>
    <ClCompile Include="ShellComboCtrl.cpp">
      <Filter>Source Files</Filter>
    </ClCompile>
    <ClCompile Include="ShellListCtrl.cpp">
      <Filter>Source Files</Filter>
    </ClCompile>
    <ClCompile Include="ShellTreeCtrl.cpp">
      <Filter>Source Files</Filter>
    </ClCompile>
    <ClCompile Include="stdafx.cpp">
      <Filter>Source Files</Filter>
    </ClCompile>
    <ClCompile Include="TreeListComp.cpp">
      <Filter>Source Files</Filter>
    </ClCompile>
    <ClCompile Include="ViksoeCtrl.cpp">
      <Filter>Source Files</Filter>
    </ClCompile>
  </ItemGroup>
  <ItemGroup>
    <ClInclude Include="atlshellext.h">
      <Filter>Header Files</Filter>
    </ClInclude>
    <ClInclude Include="atlshellextbase.h">
      <Filter>Header Files</Filter>
    </ClInclude>
    <ClInclude Include="EditListBoxComp.h">
      <Filter>Header Files</Filter>
    </ClInclude>
    <ClInclude Include="PropertyGrid.h">
      <Filter>Header Files</Filter>
    </ClInclude>
    <ClInclude Include="PropertyItem.h">
      <Filter>Header Files</Filter>
    </ClInclude>
    <ClInclude Include="PropertyItemEditors.h">
      <Filter>Header Files</Filter>
    </ClInclude>
    <ClInclude Include="PropertyItemImpl.h">
      <Filter>Header Files</Filter>
    </ClInclude>
    <ClInclude Include="resource.h">
      <Filter>Header Files</Filter>
    </ClInclude>
    <ClInclude Include="ScanfEdit.h">
      <Filter>Header Files</Filter>
    </ClInclude>
    <ClInclude Include="ScanfEditBehaviour.h">
      <Filter>Header Files</Filter>
    </ClInclude>
    <ClInclude Include="ShellComboCtrl.h">
      <Filter>Header Files</Filter>
    </ClInclude>
    <ClInclude Include="ShellCtrls.h">
      <Filter>Header Files</Filter>
    </ClInclude>
    <ClInclude Include="ShellListCtrl.h">
      <Filter>Header Files</Filter>
    </ClInclude>
    <ClInclude Include="ShellPropMacro.h">
      <Filter>Header Files</Filter>
    </ClInclude>
    <ClInclude Include="ShellTreeCtrl.h">
      <Filter>Header Files</Filter>
    </ClInclude>
    <ClInclude Include="stdafx.h">
      <Filter>Header Files</Filter>
    </ClInclude>
    <ClInclude Include="TreeListComp.h">
      <Filter>Header Files</Filter>
    </ClInclude>
    <ClInclude Include="TreeListView.h">
      <Filter>Header Files</Filter>
    </ClInclude>
    <ClInclude Include="ViksoeCtrl.h">
      <Filter>Header Files</Filter>
    </ClInclude>
  </ItemGroup>
  <ItemGroup>
    <None Include="combobox.bmp">
      <Filter>Resource Files</Filter>
    </None>
    <None Include="editlist.bmp">
      <Filter>Resource Files</Filter>
    </None>
    <None Include="Res\EditListBox.bmp">
      <Filter>Resource Files</Filter>
    </None>
    <None Include="listview.bmp">
      <Filter>Resource Files</Filter>
    </None>
    <None Include="property.bmp">
      <Filter>Resource Files</Filter>
    </None>
    <None Include="scanfed.bmp">
      <Filter>Resource Files</Filter>
    </None>
    <None Include="treelist.bmp">
      <Filter>Resource Files</Filter>
    </None>
    <None Include="treeviewctrl.bmp">
      <Filter>Resource Files</Filter>
    </None>
  </ItemGroup>
  <ItemGroup>
    <Filter Include="Header Files">
      <UniqueIdentifier>{8a8db41e-98a6-4eb8-9079-b4a793083e89}</UniqueIdentifier>
      <Extensions>h;hpp;hxx;hm;inl;inc</Extensions>
    </Filter>
    <Filter Include="Resource Files">
      <UniqueIdentifier>{cfef2d2c-35f7-4f8d-a313-29ed832caa51}</UniqueIdentifier>
      <Extensions>rc;ico;cur;bmp;dlg;rc2;rct;bin;rgs;jpg;jpeg;jpe;manifest</Extensions>
    </Filter>
    <Filter Include="Source Files">
      <UniqueIdentifier>{e9afc895-4c9f-47b3-ac43-774eccb10f95}</UniqueIdentifier>
      <Extensions>cpp;c;cxx;def;odl;idl;hpj;bat;asm</Extensions>
    </Filter>
  </ItemGroup>
  <ItemGroup>
    <ResourceCompile Include="ViksoeCtrl.rc">
      <Filter>Resource Files</Filter>
    </ResourceCompile>
  </ItemGroup>
</Project>