<?xml version="1.0" encoding="utf-8"?>
<Project ToolsVersion="4.0" xmlns="http://schemas.microsoft.com/developer/msbuild/2003">
  <ItemGroup>
    <ClCompile Include="bitvect.CPP">
      <Filter>Source Files</Filter>
    </ClCompile>
    <ClCompile Include="Codegen.cpp">
      <Filter>Source Files</Filter>
    </ClCompile>
    <ClCompile Include="Component.cpp">
      <Filter>Source Files</Filter>
    </ClCompile>
    <ClCompile Include="ComponentList.cpp">
      <Filter>Source Files</Filter>
    </ClCompile>
    <ClCompile Include="ControlID.cpp">
      <Filter>Source Files</Filter>
    </ClCompile>
    <ClCompile Include="CTextEditDlg.cpp">
      <Filter>Source Files</Filter>
    </ClCompile>
    <ClCompile Include="CtrlComponent.cpp">
      <Filter>Source Files</Filter>
    </ClCompile>
    <ClCompile Include="DesignerCtrl.cpp">
      <Filter>Source Files</Filter>
    </ClCompile>
    <ClCompile Include="FontList.cpp">
      <Filter>Source Files</Filter>
    </ClCompile>
    <ClCompile Include="FormComponent.cpp">
      <Filter>Source Files</Filter>
    </ClCompile>
    <ClCompile Include="LangID.cpp">
      <Filter>Source Files</Filter>
    </ClCompile>
    <ClCompile Include="Layout.cpp">
      <Filter>Source Files</Filter>
    </ClCompile>
    <ClCompile Include="LineTracker.cpp">
      <Filter>Source Files</Filter>
    </ClCompile>
    <ClCompile Include="PreReadForm.cpp">
      <Filter>Source Files</Filter>
    </ClCompile>
    <ClCompile Include="Property.cpp">
      <Filter>Source Files</Filter>
    </ClCompile>
    <ClCompile Include="PropertyBoolEdit.cpp">
      <Filter>Source Files</Filter>
    </ClCompile>
    <ClCompile Include="PropertyItem.cpp">
      <Filter>Source Files</Filter>
    </ClCompile>
    <ClCompile Include="PropertyList.cpp">
      <Filter>Source Files</Filter>
    </ClCompile>
    <ClCompile Include="PropertyListEdit.cpp">
      <Filter>Source Files</Filter>
    </ClCompile>
    <ClCompile Include="PropertyTextEdit.cpp">
      <Filter>Source Files</Filter>
    </ClCompile>
    <ClCompile Include="SaveFormImage.cpp">
      <Filter>Source Files</Filter>
    </ClCompile>
    <ClCompile Include="StdAfx.cpp">
      <Filter>Source Files</Filter>
    </ClCompile>
    <ClCompile Include="StdPropClass.cpp">
      <Filter>Source Files</Filter>
    </ClCompile>
  </ItemGroup>
  <ItemGroup>
    <ClInclude Include="bitvect.H">
      <Filter>Header Files</Filter>
    </ClInclude>
    <ClInclude Include="Codegen.h">
      <Filter>Header Files</Filter>
    </ClInclude>
    <ClInclude Include="Component.h">
      <Filter>Header Files</Filter>
    </ClInclude>
    <ClInclude Include="ComponentList.h">
      <Filter>Header Files</Filter>
    </ClInclude>
    <ClInclude Include="CTextEditDlg.h">
      <Filter>Header Files</Filter>
    </ClInclude>
    <ClInclude Include="CtrlComponent.h">
      <Filter>Header Files</Filter>
    </ClInclude>
    <ClInclude Include="DesignerCtrl.h">
      <Filter>Header Files</Filter>
    </ClInclude>
    <ClInclude Include="FontList.h">
      <Filter>Header Files</Filter>
    </ClInclude>
    <ClInclude Include="FormComponent.h">
      <Filter>Header Files</Filter>
    </ClInclude>
    <ClInclude Include="InplaceEdit.h">
      <Filter>Header Files</Filter>
    </ClInclude>
    <ClInclude Include="Layout.h">
      <Filter>Header Files</Filter>
    </ClInclude>
    <ClInclude Include="LineTracker.h">
      <Filter>Header Files</Filter>
    </ClInclude>
    <ClInclude Include="Property.h">
      <Filter>Header Files</Filter>
    </ClInclude>
    <ClInclude Include="PropertyBoolEdit.h">
      <Filter>Header Files</Filter>
    </ClInclude>
    <ClInclude Include="PropertyItem.h">
      <Filter>Header Files</Filter>
    </ClInclude>
    <ClInclude Include="PropertyList.h">
      <Filter>Header Files</Filter>
    </ClInclude>
    <ClInclude Include="PropertyListEdit.h">
      <Filter>Header Files</Filter>
    </ClInclude>
    <ClInclude Include="PropertyTextEdit.h">
      <Filter>Header Files</Filter>
    </ClInclude>
    <ClInclude Include="Register.h">
      <Filter>Header Files</Filter>
    </ClInclude>
    <ClInclude Include="Resource.h">
      <Filter>Header Files</Filter>
    </ClInclude>
    <ClInclude Include="StdAfx.h">
      <Filter>Header Files</Filter>
    </ClInclude>
    <ClInclude Include="StdPropClass.h">
      <Filter>Header Files</Filter>
    </ClInclude>
    <ClInclude Include="warning.h">
      <Filter>Header Files</Filter>
    </ClInclude>
  </ItemGroup>
  <ItemGroup>
    <None Include="Res\Button.bmp">
      <Filter>Resource Files</Filter>
    </None>
    <None Include="Res\Minus.bmp">
      <Filter>Resource Files</Filter>
    </None>
    <None Include="Res\Plus.bmp">
      <Filter>Resource Files</Filter>
    </None>
  </ItemGroup>
  <ItemGroup>
    <Filter Include="Header Files">
      <UniqueIdentifier>{c769e430-6c52-46b7-8ed7-e6ca1fcf3a36}</UniqueIdentifier>
      <Extensions>h;hpp;hxx;hm;inl;inc</Extensions>
    </Filter>
    <Filter Include="Resource Files">
      <UniqueIdentifier>{120a00da-979a-4182-9942-ebc5be3a281e}</UniqueIdentifier>
      <Extensions>rc;ico;cur;bmp;dlg;rc2;rct;bin;rgs;jpg;jpeg;jpe;manifest</Extensions>
    </Filter>
    <Filter Include="Source Files">
      <UniqueIdentifier>{47dd306f-5862-4d68-a029-11dc3f3c3179}</UniqueIdentifier>
      <Extensions>cpp;c;cxx;def;odl;idl;hpj;bat;asm</Extensions>
    </Filter>
  </ItemGroup>
  <ItemGroup>
    <ResourceCompile Include="Resource.rc">
      <Filter>Resource Files</Filter>
    </ResourceCompile>
  </ItemGroup>
</Project>