<?xml version="1.0" encoding="utf-8"?>
<Project ToolsVersion="4.0" xmlns="http://schemas.microsoft.com/developer/msbuild/2003">
  <ItemGroup>
    <ClCompile Include="CCellEditDlg.cpp">
      <Filter>Source Files</Filter>
    </ClCompile>
    <ClCompile Include="ColorButton.cpp">
      <Filter>Source Files</Filter>
    </ClCompile>
    <ClCompile Include="CPagesEdit.cpp">
      <Filter>Source Files</Filter>
    </ClCompile>
    <ClCompile Include="CSortListViewCtrl.cpp">
      <Filter>Source Files</Filter>
    </ClCompile>
    <ClCompile Include="DecorativeCtrl.cpp">
      <Filter>Source Files</Filter>
    </ClCompile>
    <ClCompile Include="GridCtrl.cpp">
      <Filter>Source Files</Filter>
    </ClCompile>
    <ClCompile Include="ImageListView.cpp">
      <Filter>Source Files</Filter>
    </ClCompile>
    <ClCompile Include="Masked.cpp">
      <Filter>Source Files</Filter>
    </ClCompile>
    <ClCompile Include="Panel.cpp">
      <Filter>Source Files</Filter>
    </ClCompile>
    <ClCompile Include="Parseit.cpp">
      <Filter>Source Files</Filter>
    </ClCompile>
    <ClCompile Include="stdafx.cpp">
      <Filter>Source Files</Filter>
    </ClCompile>
    <ClCompile Include="StripedListView.cpp">
      <Filter>Source Files</Filter>
    </ClCompile>
    <ClCompile Include="TabPanel.cpp">
      <Filter>Source Files</Filter>
    </ClCompile>
    <ClCompile Include="Text3d.cpp">
      <Filter>Source Files</Filter>
    </ClCompile>
    <ClCompile Include="WtlEditBrowserCtrl.cpp">
      <Filter>Source Files</Filter>
    </ClCompile>
    <ClCompile Include="CButtonST.cpp">
      <Filter>Source Files</Filter>
    </ClCompile>
  </ItemGroup>
  <ItemGroup>
    <ClInclude Include="CCellEditDlg.h">
      <Filter>Header Files</Filter>
    </ClInclude>
    <ClInclude Include="ColorButton.h">
      <Filter>Header Files</Filter>
    </ClInclude>
    <ClInclude Include="CPagesEdit.h">
      <Filter>Header Files</Filter>
    </ClInclude>
    <ClInclude Include="CSortListViewCtrl.h">
      <Filter>Header Files</Filter>
    </ClInclude>
    <ClInclude Include="ImageListView.h">
      <Filter>Header Files</Filter>
    </ClInclude>
    <ClInclude Include="GridCtrl.h">
      <Filter>Header Files</Filter>
    </ClInclude>
    <ClInclude Include="Masked.h">
      <Filter>Header Files</Filter>
    </ClInclude>
    <ClInclude Include="PagesList.h">
      <Filter>Header Files</Filter>
    </ClInclude>
    <ClInclude Include="Panel.h">
      <Filter>Header Files</Filter>
    </ClInclude>
    <ClInclude Include="Parseit.h">
      <Filter>Header Files</Filter>
    </ClInclude>
    <ClInclude Include="resource.h">
      <Filter>Header Files</Filter>
    </ClInclude>
    <ClInclude Include="stdafx.h">
      <Filter>Header Files</Filter>
    </ClInclude>
    <ClInclude Include="StripedListView.h">
      <Filter>Header Files</Filter>
    </ClInclude>
    <ClInclude Include="TabPanel.h">
      <Filter>Header Files</Filter>
    </ClInclude>
    <ClInclude Include="Text3d.h">
      <Filter>Header Files</Filter>
    </ClInclude>
    <ClInclude Include="WtlEditBrowserCtrl.h">
      <Filter>Header Files</Filter>
    </ClInclude>
    <ClInclude Include="CButtonST.h">
      <Filter>Header Files</Filter>
    </ClInclude>
  </ItemGroup>
  <ItemGroup>
    <ResourceCompile Include="DecorativeCtrl.rc">
      <Filter>Resource Files</Filter>
    </ResourceCompile>
    <ResourceCompile Include="EditListBox.rc">
      <Filter>Resource Files</Filter>
    </ResourceCompile>
  </ItemGroup>
  <ItemGroup>
    <None Include="arrowd.ico">
      <Filter>Resource Files</Filter>
    </None>
    <None Include="arrowu.ico">
      <Filter>Resource Files</Filter>
    </None>
    <None Include="buttonst.bmp">
      <Filter>Resource Files</Filter>
    </None>
    <None Include="calendar.bmp">
      <Filter>Resource Files</Filter>
    </None>
    <None Include="dateedit.bmp">
      <Filter>Resource Files</Filter>
    </None>
    <None Include="gridctrl.bmp">
      <Filter>Resource Files</Filter>
    </None>
    <None Include="imageview.bmp">
      <Filter>Resource Files</Filter>
    </None>
    <None Include="listview.bmp">
      <Filter>Resource Files</Filter>
    </None>
    <None Include="maskedit.bmp">
      <Filter>Resource Files</Filter>
    </None>
    <None Include="minus.ico">
      <Filter>Resource Files</Filter>
    </None>
    <None Include="panel.bmp">
      <Filter>Resource Files</Filter>
    </None>
    <None Include="panelhost.bmp">
      <Filter>Resource Files</Filter>
    </None>
    <None Include="plus.ico">
      <Filter>Resource Files</Filter>
    </None>
    <None Include="striplv.bmp">
      <Filter>Resource Files</Filter>
    </None>
    <None Include="tabctrl.bmp">
      <Filter>Resource Files</Filter>
    </None>
    <None Include="update.ico">
      <Filter>Resource Files</Filter>
    </None>
  </ItemGroup>
  <ItemGroup>
    <Filter Include="Header Files">
      <UniqueIdentifier>{25ba4c22-fa08-4162-99a7-86f9d0245db2}</UniqueIdentifier>
      <Extensions>h;hpp;hxx;hm;inl;inc</Extensions>
    </Filter>
    <Filter Include="Resource Files">
      <UniqueIdentifier>{27cdffa7-0a60-4717-bdce-25036b20839a}</UniqueIdentifier>
      <Extensions>rc;ico;cur;bmp;dlg;rc2;rct;bin;rgs;jpg;jpeg;jpe;manifest</Extensions>
    </Filter>
    <Filter Include="Source Files">
      <UniqueIdentifier>{171e2724-21d7-4e61-8859-6323d090f84a}</UniqueIdentifier>
      <Extensions>cpp;c;cxx;def;odl;idl;hpj;bat;asm</Extensions>
    </Filter>
  </ItemGroup>
</Project>